
Microsoft Visual Studio Solution File, Format Version 12.00
# Visual Studio Version 16
VisualStudioVersion = 16.0.31424.327
MinimumVisualStudioVersion = 10.0.40219.1
Project("{FAE04EC0-301F-11D3-BF4B-00C04F79EFBC}") = "FamilyDictionary", "FamilyDictionary\FamilyDictionary.csproj", "{1B038881-60AC-427D-A966-8DC96E5F9CDE}"
EndProject
Global
	GlobalSection(SolutionConfigurationPlatforms) = preSolution
		Debug|Any CPU = Debug|Any CPU
		Release|Any CPU = Release|Any CPU
	EndGlobalSection
	GlobalSection(ProjectConfigurationPlatforms) = postSolution
		{1B038881-60AC-427D-A966-8DC96E5F9CDE}.Debug|Any CPU.ActiveCfg = Debug|Any CPU
		{1B038881-60AC-427D-A966-8DC96E5F9CDE}.Debug|Any CPU.Build.0 = Debug|Any CPU
		{1B038881-60AC-427D-A966-8DC96E5F9CDE}.Release|Any CPU.ActiveCfg = Release|Any CPU
		{1B038881-60AC-427D-A966-8DC96E5F9CDE}.Release|Any CPU.Build.0 = Release|Any CPU
	EndGlobalSection
	GlobalSection(SolutionProperties) = preSolution
		HideSolutionNode = FALSE
	EndGlobalSection
	GlobalSection(ExtensibilityGlobals) = postSolution
		SolutionGuid = {7089B56A-3ED4-4460-BCF4-4E2975FC0A7D}
	EndGlobalSection
EndGlobal
